
Microsoft Visual Studio Solution File, Format Version 12.00
# Visual Studio 2012
Project("{FAE04EC0-301F-11D3-BF4B-00C04F79EFBC}") = "Happy.Command", "Happy.Command\Happy.Command.csproj", "{F2A69E21-2521-4B97-9B14-5481E82F4A5C}"
EndProject
Project("{FAE04EC0-301F-11D3-BF4B-00C04F79EFBC}") = "Happy.Command.Test", "Happy.Command.Test\Happy.Command.Test.csproj", "{C429B302-5A59-42EA-80EF-212D8E72B516}"
EndProject
Project("{2150E333-8FDC-42A3-9474-1A3956D46DE8}") = ".nuget", ".nuget", "{AAB91331-09A3-4D44-9041-43B8EA51C13A}"
	ProjectSection(SolutionItems) = preProject
		.nuget\NuGet.Config = .nuget\NuGet.Config
		.nuget\NuGet.exe = .nuget\NuGet.exe
		.nuget\NuGet.targets = .nuget\NuGet.targets
	EndProjectSection
EndProject
Global
	GlobalSection(SolutionConfigurationPlatforms) = preSolution
		Debug|Any CPU = Debug|Any CPU
		Release|Any CPU = Release|Any CPU
	EndGlobalSection
	GlobalSection(ProjectConfigurationPlatforms) = postSolution
		{F2A69E21-2521-4B97-9B14-5481E82F4A5C}.Debug|Any CPU.ActiveCfg = Debug|Any CPU
		{F2A69E21-2521-4B97-9B14-5481E82F4A5C}.Debug|Any CPU.Build.0 = Debug|Any CPU
		{F2A69E21-2521-4B97-9B14-5481E82F4A5C}.Release|Any CPU.ActiveCfg = Release|Any CPU
		{F2A69E21-2521-4B97-9B14-5481E82F4A5C}.Release|Any CPU.Build.0 = Release|Any CPU
		{C429B302-5A59-42EA-80EF-212D8E72B516}.Debug|Any CPU.ActiveCfg = Debug|Any CPU
		{C429B302-5A59-42EA-80EF-212D8E72B516}.Debug|Any CPU.Build.0 = Debug|Any CPU
		{C429B302-5A59-42EA-80EF-212D8E72B516}.Release|Any CPU.ActiveCfg = Release|Any CPU
		{C429B302-5A59-42EA-80EF-212D8E72B516}.Release|Any CPU.Build.0 = Release|Any CPU
	EndGlobalSection
	GlobalSection(SolutionProperties) = preSolution
		HideSolutionNode = FALSE
	EndGlobalSection
EndGlobal
